<Solution>
  <Folder Name="/Solution Items/">
    <File Path="prism-extension-services.conf" />
    <File Path="PrismExtensionServices.json.sample" />
  </Folder>
  <Project Path="CycleCount/CycleCount.csproj" />
  <Project Path="PrismCustomerDcsPricing/PrismCustomerDcsPricing.csproj" Id="9e6fc13d-a94e-4f2f-a38d-4586cfbe63b8" />
  <Project Path="PrismExtensionServices.Shared/PrismExtensionServices.Shared.csproj" />
  <Project Path="PrismExtensionServices/PrismExtensionServices.csproj" />
  <Project Path="PrismExtensionServicesSetup/PrismExtensionServicesSetup.vdproj" Type="Installer">
    <Build />
  </Project>
  <Project Path="PrismExtensionServicesSetup_Installers/PrismExtensionServicesSetup_Installers.csproj" Id="04c638f9-ac3b-4200-a35b-d0f90792467d" />
  <Project Path="SoCancelFeePlugin/SoCancelFeePlugin.csproj" />
</Solution>
